# Generated by buf. DO NOT EDIT.
version: v2
deps:
  - name: buf.build/bufbuild/protovalidate
    commit: 8976f5be98c146529b1cc15cd2012b60
    digest: b5:5d513af91a439d9e78cacac0c9455c7cb885a8737d30405d0b91974fe05276d19c07a876a51a107213a3d01b83ecc912996cdad4cddf7231f91379079cf7488d
  - name: buf.build/googleapis/googleapis
    commit: 536964a08a534d51b8f30f2d6751f1f9
    digest: b5:3e05d27e797b00c345fadd3c15cf0e16c4cc693036a55059721e66d6ce22a96264a4897658c9243bb0874fa9ca96e437589eb512189d2754604a626c632f6030
